<Solution>
  <Folder Name="/src/">
    <Project Path="src/Kanau.Api/Kanau.Api.csproj" />
    <Project Path="src/Kanau.Application/Kanau.Application.csproj" />
    <Project Path="src/Kanau.Domain/Kanau.Domain.csproj" />
    <Project Path="src/Kanau.Infrastructure/Kanau.Infrastructure.csproj" />
  </Folder>
</Solution>
